// !$*UTF8*$!
{
	archiveVersion = 1;
	classes = {
	};
	objectVersion = 55;
	objects = {

/* Begin PBXBuildFile section */
		DDBC5EBD27BD276200FAD85F /* tax_mateApp.swift in Sources */ = {isa = PBXBuildFile; fileRef = DDBC5EBC27BD276200FAD85F /* tax_mateApp.swift */; };
		DDBC5EBF27BD276200FAD85F /* DeductionsView.swift in Sources */ = {isa = PBXBuildFile; fileRef = DDBC5EBE27BD276200FAD85F /* DeductionsView.swift */; };
		DDBC5EC127BD276300FAD85F /* Assets.xcassets in Resources */ = {isa = PBXBuildFile; fileRef = DDBC5EC027BD276300FAD85F /* Assets.xcassets */; };
		DDBC5EC427BD276300FAD85F /* Preview Assets.xcassets in Resources */ = {isa = PBXBuildFile; fileRef = DDBC5EC327BD276300FAD85F /* Preview Assets.xcassets */; };
		DDBC5EC627BD276300FAD85F /* Persistence.swift in Sources */ = {isa = PBXBuildFile; fileRef = DDBC5EC527BD276300FAD85F /* Persistence.swift */; };
		DDBC5EC927BD276300FAD85F /* tax_mate.xcdatamodeld in Sources */ = {isa = PBXBuildFile; fileRef = DDBC5EC727BD276300FAD85F /* tax_mate.xcdatamodeld */; };
		DDBC5EF227BD29E900FAD85F /* DeductionsRepositorySpec.swift in Sources */ = {isa = PBXBuildFile; fileRef = DDBC5EF127BD29E900FAD85F /* DeductionsRepositorySpec.swift */; };
		DDBC5EF527BD2C0F00FAD85F /* Quick in Frameworks */ = {isa = PBXBuildFile; productRef = DDBC5EF427BD2C0F00FAD85F /* Quick */; };
		DDBC5EF727BD2C1600FAD85F /* Nimble in Frameworks */ = {isa = PBXBuildFile; productRef = DDBC5EF627BD2C1600FAD85F /* Nimble */; };
		DDBC5EFA27BDD9FD00FAD85F /* DeductionsRepository.swift in Sources */ = {isa = PBXBuildFile; fileRef = DDBC5EF927BDD9FD00FAD85F /* DeductionsRepository.swift */; };
		DDBC5EFD27BDDB4300FAD85F /* Deduction.swift in Sources */ = {isa = PBXBuildFile; fileRef = DDBC5EFC27BDDB4300FAD85F /* Deduction.swift */; };
		DDBC5F0127BE4D8D00FAD85F /* SeedDb.swift in Sources */ = {isa = PBXBuildFile; fileRef = DDBC5F0027BE4D8D00FAD85F /* SeedDb.swift */; };
		DDBC5F0427BE4DFE00FAD85F /* Fakery in Frameworks */ = {isa = PBXBuildFile; productRef = DDBC5F0327BE4DFE00FAD85F /* Fakery */; };
		DDBC5F0727BE57E900FAD85F /* PresentModalButton.swift in Sources */ = {isa = PBXBuildFile; fileRef = DDBC5F0627BE57E900FAD85F /* PresentModalButton.swift */; };
		DDBC5F0927BE582100FAD85F /* AddDeductionsView.swift in Sources */ = {isa = PBXBuildFile; fileRef = DDBC5F0827BE582100FAD85F /* AddDeductionsView.swift */; };
		DDBC5F0B27BFAA4800FAD85F /* UIImage+Utils.swift in Sources */ = {isa = PBXBuildFile; fileRef = DDBC5F0A27BFAA4800FAD85F /* UIImage+Utils.swift */; };
		DDBC5F0D27BFAAC300FAD85F /* ImagePicker.swift in Sources */ = {isa = PBXBuildFile; fileRef = DDBC5F0C27BFAAC300FAD85F /* ImagePicker.swift */; };
		DDBC5F0F27BFAAF100FAD85F /* ImagePickerButton.swift in Sources */ = {isa = PBXBuildFile; fileRef = DDBC5F0E27BFAAF100FAD85F /* ImagePickerButton.swift */; };
		DDBC5F1127BFAB1000FAD85F /* SecondaryButton.swift in Sources */ = {isa = PBXBuildFile; fileRef = DDBC5F1027BFAB1000FAD85F /* SecondaryButton.swift */; };
/* End PBXBuildFile section */

/* Begin PBXContainerItemProxy section */
		DDBC5ECF27BD276400FAD85F /* PBXContainerItemProxy */ = {
			isa = PBXContainerItemProxy;
			containerPortal = DDBC5EB127BD276200FAD85F /* Project object */;
			proxyType = 1;
			remoteGlobalIDString = DDBC5EB827BD276200FAD85F;
			remoteInfo = "tax-mate";
		};
/* End PBXContainerItemProxy section */

/* Begin PBXFileReference section */
		DDBC5EB927BD276200FAD85F /* tax-mate.app */ = {isa = PBXFileReference; explicitFileType = wrapper.application; includeInIndex = 0; path = "tax-mate.app"; sourceTree = BUILT_PRODUCTS_DIR; };
		DDBC5EBC27BD276200FAD85F /* tax_mateApp.swift */ = {isa = PBXFileReference; lastKnownFileType = sourcecode.swift; path = tax_mateApp.swift; sourceTree = "<group>"; };
		DDBC5EBE27BD276200FAD85F /* DeductionsView.swift */ = {isa = PBXFileReference; lastKnownFileType = sourcecode.swift; path = DeductionsView.swift; sourceTree = "<group>"; };
		DDBC5EC027BD276300FAD85F /* Assets.xcassets */ = {isa = PBXFileReference; lastKnownFileType = folder.assetcatalog; path = Assets.xcassets; sourceTree = "<group>"; };
		DDBC5EC327BD276300FAD85F /* Preview Assets.xcassets */ = {isa = PBXFileReference; lastKnownFileType = folder.assetcatalog; path = "Preview Assets.xcassets"; sourceTree = "<group>"; };
		DDBC5EC527BD276300FAD85F /* Persistence.swift */ = {isa = PBXFileReference; lastKnownFileType = sourcecode.swift; path = Persistence.swift; sourceTree = "<group>"; };
		DDBC5EC827BD276300FAD85F /* tax_mate.xcdatamodel */ = {isa = PBXFileReference; lastKnownFileType = wrapper.xcdatamodel; path = tax_mate.xcdatamodel; sourceTree = "<group>"; };
		DDBC5ECE27BD276400FAD85F /* tax-mateTests.xctest */ = {isa = PBXFileReference; explicitFileType = wrapper.cfbundle; includeInIndex = 0; path = "tax-mateTests.xctest"; sourceTree = BUILT_PRODUCTS_DIR; };
		DDBC5EF127BD29E900FAD85F /* DeductionsRepositorySpec.swift */ = {isa = PBXFileReference; lastKnownFileType = sourcecode.swift; path = DeductionsRepositorySpec.swift; sourceTree = "<group>"; };
		DDBC5EF927BDD9FD00FAD85F /* DeductionsRepository.swift */ = {isa = PBXFileReference; lastKnownFileType = sourcecode.swift; path = DeductionsRepository.swift; sourceTree = "<group>"; };
		DDBC5EFC27BDDB4300FAD85F /* Deduction.swift */ = {isa = PBXFileReference; lastKnownFileType = sourcecode.swift; path = Deduction.swift; sourceTree = "<group>"; };
		DDBC5F0027BE4D8D00FAD85F /* SeedDb.swift */ = {isa = PBXFileReference; lastKnownFileType = sourcecode.swift; path = SeedDb.swift; sourceTree = "<group>"; };
		DDBC5F0627BE57E900FAD85F /* PresentModalButton.swift */ = {isa = PBXFileReference; lastKnownFileType = sourcecode.swift; path = PresentModalButton.swift; sourceTree = "<group>"; };
		DDBC5F0827BE582100FAD85F /* AddDeductionsView.swift */ = {isa = PBXFileReference; lastKnownFileType = sourcecode.swift; path = AddDeductionsView.swift; sourceTree = "<group>"; };
		DDBC5F0A27BFAA4800FAD85F /* UIImage+Utils.swift */ = {isa = PBXFileReference; lastKnownFileType = sourcecode.swift; path = "UIImage+Utils.swift"; sourceTree = "<group>"; };
		DDBC5F0C27BFAAC300FAD85F /* ImagePicker.swift */ = {isa = PBXFileReference; lastKnownFileType = sourcecode.swift; path = ImagePicker.swift; sourceTree = "<group>"; };
		DDBC5F0E27BFAAF100FAD85F /* ImagePickerButton.swift */ = {isa = PBXFileReference; lastKnownFileType = sourcecode.swift; path = ImagePickerButton.swift; sourceTree = "<group>"; };
		DDBC5F1027BFAB1000FAD85F /* SecondaryButton.swift */ = {isa = PBXFileReference; lastKnownFileType = sourcecode.swift; path = SecondaryButton.swift; sourceTree = "<group>"; };
/* End PBXFileReference section */

/* Begin PBXFrameworksBuildPhase section */
		DDBC5EB627BD276200FAD85F /* Frameworks */ = {
			isa = PBXFrameworksBuildPhase;
			buildActionMask = 2147483647;
			files = (
				DDBC5F0427BE4DFE00FAD85F /* Fakery in Frameworks */,
			);
			runOnlyForDeploymentPostprocessing = 0;
		};
		DDBC5ECB27BD276400FAD85F /* Frameworks */ = {
			isa = PBXFrameworksBuildPhase;
			buildActionMask = 2147483647;
			files = (
				DDBC5EF527BD2C0F00FAD85F /* Quick in Frameworks */,
				DDBC5EF727BD2C1600FAD85F /* Nimble in Frameworks */,
			);
			runOnlyForDeploymentPostprocessing = 0;
		};
/* End PBXFrameworksBuildPhase section */

/* Begin PBXGroup section */
		DDBC5EB027BD276200FAD85F = {
			isa = PBXGroup;
			children = (
				DDBC5EBB27BD276200FAD85F /* tax-mate */,
				DDBC5ED127BD276400FAD85F /* tax-mateTests */,
				DDBC5EBA27BD276200FAD85F /* Products */,
				DDBC5EF327BD2C0F00FAD85F /* Frameworks */,
			);
			sourceTree = "<group>";
		};
		DDBC5EBA27BD276200FAD85F /* Products */ = {
			isa = PBXGroup;
			children = (
				DDBC5EB927BD276200FAD85F /* tax-mate.app */,
				DDBC5ECE27BD276400FAD85F /* tax-mateTests.xctest */,
			);
			name = Products;
			sourceTree = "<group>";
		};
		DDBC5EBB27BD276200FAD85F /* tax-mate */ = {
			isa = PBXGroup;
			children = (
				DDBC5EFF27BE4D5B00FAD85F /* Database */,
				DDBC5EFE27BE4D4F00FAD85F /* Views */,
				DDBC5EFB27BDDB3900FAD85F /* Model */,
				DDBC5EF827BDD9E500FAD85F /* Repository */,
				DDBC5EC027BD276300FAD85F /* Assets.xcassets */,
				DDBC5EBC27BD276200FAD85F /* tax_mateApp.swift */,
				DDBC5EC727BD276300FAD85F /* tax_mate.xcdatamodeld */,
				DDBC5EC227BD276300FAD85F /* Preview Content */,
			);
			path = "tax-mate";
			sourceTree = "<group>";
		};
		DDBC5EC227BD276300FAD85F /* Preview Content */ = {
			isa = PBXGroup;
			children = (
				DDBC5EC327BD276300FAD85F /* Preview Assets.xcassets */,
			);
			path = "Preview Content";
			sourceTree = "<group>";
		};
		DDBC5ED127BD276400FAD85F /* tax-mateTests */ = {
			isa = PBXGroup;
			children = (
				DDBC5EF127BD29E900FAD85F /* DeductionsRepositorySpec.swift */,
			);
			path = "tax-mateTests";
			sourceTree = "<group>";
		};
		DDBC5EF327BD2C0F00FAD85F /* Frameworks */ = {
			isa = PBXGroup;
			children = (
			);
			name = Frameworks;
			sourceTree = "<group>";
		};
		DDBC5EF827BDD9E500FAD85F /* Repository */ = {
			isa = PBXGroup;
			children = (
				DDBC5EF927BDD9FD00FAD85F /* DeductionsRepository.swift */,
			);
			path = Repository;
			sourceTree = "<group>";
		};
		DDBC5EFB27BDDB3900FAD85F /* Model */ = {
			isa = PBXGroup;
			children = (
				DDBC5EFC27BDDB4300FAD85F /* Deduction.swift */,
			);
			path = Model;
			sourceTree = "<group>";
		};
		DDBC5EFE27BE4D4F00FAD85F /* Views */ = {
			isa = PBXGroup;
			children = (
				DDBC5F0527BE57D400FAD85F /* Common */,
				DDBC5EBE27BD276200FAD85F /* DeductionsView.swift */,
				DDBC5F0827BE582100FAD85F /* AddDeductionsView.swift */,
			);
			path = Views;
			sourceTree = "<group>";
		};
		DDBC5EFF27BE4D5B00FAD85F /* Database */ = {
			isa = PBXGroup;
			children = (
				DDBC5EC527BD276300FAD85F /* Persistence.swift */,
				DDBC5F0027BE4D8D00FAD85F /* SeedDb.swift */,
			);
			path = Database;
			sourceTree = "<group>";
		};
		DDBC5F0527BE57D400FAD85F /* Common */ = {
			isa = PBXGroup;
			children = (
				DDBC5F0627BE57E900FAD85F /* PresentModalButton.swift */,
				DDBC5F0A27BFAA4800FAD85F /* UIImage+Utils.swift */,
				DDBC5F0C27BFAAC300FAD85F /* ImagePicker.swift */,
				DDBC5F0E27BFAAF100FAD85F /* ImagePickerButton.swift */,
				DDBC5F1027BFAB1000FAD85F /* SecondaryButton.swift */,
			);
			path = Common;
			sourceTree = "<group>";
		};
/* End PBXGroup section */

/* Begin PBXNativeTarget section */
		DDBC5EB827BD276200FAD85F /* tax-mate */ = {
			isa = PBXNativeTarget;
			buildConfigurationList = DDBC5EE227BD276400FAD85F /* Build configuration list for PBXNativeTarget "tax-mate" */;
			buildPhases = (
				DDBC5EB527BD276200FAD85F /* Sources */,
				DDBC5EB627BD276200FAD85F /* Frameworks */,
				DDBC5EB727BD276200FAD85F /* Resources */,
			);
			buildRules = (
			);
			dependencies = (
			);
			name = "tax-mate";
			packageProductDependencies = (
				DDBC5F0327BE4DFE00FAD85F /* Fakery */,
			);
			productName = "tax-mate";
			productReference = DDBC5EB927BD276200FAD85F /* tax-mate.app */;
			productType = "com.apple.product-type.application";
		};
		DDBC5ECD27BD276400FAD85F /* tax-mateTests */ = {
			isa = PBXNativeTarget;
			buildConfigurationList = DDBC5EE527BD276400FAD85F /* Build configuration list for PBXNativeTarget "tax-mateTests" */;
			buildPhases = (
				DDBC5ECA27BD276400FAD85F /* Sources */,
				DDBC5ECB27BD276400FAD85F /* Frameworks */,
				DDBC5ECC27BD276400FAD85F /* Resources */,
			);
			buildRules = (
			);
			dependencies = (
				DDBC5ED027BD276400FAD85F /* PBXTargetDependency */,
			);
			name = "tax-mateTests";
			packageProductDependencies = (
				DDBC5EF427BD2C0F00FAD85F /* Quick */,
				DDBC5EF627BD2C1600FAD85F /* Nimble */,
			);
			productName = "tax-mateTests";
			productReference = DDBC5ECE27BD276400FAD85F /* tax-mateTests.xctest */;
			productType = "com.apple.product-type.bundle.unit-test";
		};
/* End PBXNativeTarget section */

/* Begin PBXProject section */
		DDBC5EB127BD276200FAD85F /* Project object */ = {
			isa = PBXProject;
			attributes = {
				BuildIndependentTargetsInParallel = 1;
				LastSwiftUpdateCheck = 1320;
				LastUpgradeCheck = 1320;
				TargetAttributes = {
					DDBC5EB827BD276200FAD85F = {
						CreatedOnToolsVersion = 13.2.1;
					};
					DDBC5ECD27BD276400FAD85F = {
						CreatedOnToolsVersion = 13.2.1;
						TestTargetID = DDBC5EB827BD276200FAD85F;
					};
				};
			};
			buildConfigurationList = DDBC5EB427BD276200FAD85F /* Build configuration list for PBXProject "tax-mate" */;
			compatibilityVersion = "Xcode 13.0";
			developmentRegion = en;
			hasScannedForEncodings = 0;
			knownRegions = (
				en,
				Base,
			);
			mainGroup = DDBC5EB027BD276200FAD85F;
			packageReferences = (
				DDBC5EEB27BD28F100FAD85F /* XCRemoteSwiftPackageReference "Nimble" */,
				DDBC5EEE27BD290D00FAD85F /* XCRemoteSwiftPackageReference "quick" */,
				DDBC5F0227BE4DFE00FAD85F /* XCRemoteSwiftPackageReference "Fakery" */,
			);
			productRefGroup = DDBC5EBA27BD276200FAD85F /* Products */;
			projectDirPath = "";
			projectRoot = "";
			targets = (
				DDBC5EB827BD276200FAD85F /* tax-mate */,
				DDBC5ECD27BD276400FAD85F /* tax-mateTests */,
			);
		};
/* End PBXProject section */

/* Begin PBXResourcesBuildPhase section */
		DDBC5EB727BD276200FAD85F /* Resources */ = {
			isa = PBXResourcesBuildPhase;
			buildActionMask = 2147483647;
			files = (
				DDBC5EC427BD276300FAD85F /* Preview Assets.xcassets in Resources */,
				DDBC5EC127BD276300FAD85F /* Assets.xcassets in Resources */,
			);
			runOnlyForDeploymentPostprocessing = 0;
		};
		DDBC5ECC27BD276400FAD85F /* Resources */ = {
			isa = PBXResourcesBuildPhase;
			buildActionMask = 2147483647;
			files = (
			);
			runOnlyForDeploymentPostprocessing = 0;
		};
/* End PBXResourcesBuildPhase section */

/* Begin PBXSourcesBuildPhase section */
		DDBC5EB527BD276200FAD85F /* Sources */ = {
			isa = PBXSourcesBuildPhase;
			buildActionMask = 2147483647;
			files = (
				DDBC5F0927BE582100FAD85F /* AddDeductionsView.swift in Sources */,
				DDBC5EC927BD276300FAD85F /* tax_mate.xcdatamodeld in Sources */,
				DDBC5EFD27BDDB4300FAD85F /* Deduction.swift in Sources */,
				DDBC5F0B27BFAA4800FAD85F /* UIImage+Utils.swift in Sources */,
				DDBC5EC627BD276300FAD85F /* Persistence.swift in Sources */,
				DDBC5EBF27BD276200FAD85F /* DeductionsView.swift in Sources */,
				DDBC5F1127BFAB1000FAD85F /* SecondaryButton.swift in Sources */,
				DDBC5F0127BE4D8D00FAD85F /* SeedDb.swift in Sources */,
				DDBC5F0D27BFAAC300FAD85F /* ImagePicker.swift in Sources */,
				DDBC5F0727BE57E900FAD85F /* PresentModalButton.swift in Sources */,
				DDBC5EFA27BDD9FD00FAD85F /* DeductionsRepository.swift in Sources */,
				DDBC5EBD27BD276200FAD85F /* tax_mateApp.swift in Sources */,
				DDBC5F0F27BFAAF100FAD85F /* ImagePickerButton.swift in Sources */,
			);
			runOnlyForDeploymentPostprocessing = 0;
		};
		DDBC5ECA27BD276400FAD85F /* Sources */ = {
			isa = PBXSourcesBuildPhase;
			buildActionMask = 2147483647;
			files = (
				DDBC5EF227BD29E900FAD85F /* DeductionsRepositorySpec.swift in Sources */,
			);
			runOnlyForDeploymentPostprocessing = 0;
		};
/* End PBXSourcesBuildPhase section */

/* Begin PBXTargetDependency section */
		DDBC5ED027BD276400FAD85F /* PBXTargetDependency */ = {
			isa = PBXTargetDependency;
			target = DDBC5EB827BD276200FAD85F /* tax-mate */;
			targetProxy = DDBC5ECF27BD276400FAD85F /* PBXContainerItemProxy */;
		};
/* End PBXTargetDependency section */

/* Begin XCBuildConfiguration section */
		DDBC5EE027BD276400FAD85F /* Debug */ = {
			isa = XCBuildConfiguration;
			buildSettings = {
				ALWAYS_SEARCH_USER_PATHS = NO;
				CLANG_ANALYZER_NONNULL = YES;
				CLANG_ANALYZER_NUMBER_OBJECT_CONVERSION = YES_AGGRESSIVE;
				CLANG_CXX_LANGUAGE_STANDARD = "gnu++17";
				CLANG_CXX_LIBRARY = "libc++";
				CLANG_ENABLE_MODULES = YES;
				CLANG_ENABLE_OBJC_ARC = YES;
				CLANG_ENABLE_OBJC_WEAK = YES;
				CLANG_WARN_BLOCK_CAPTURE_AUTORELEASING = YES;
				CLANG_WARN_BOOL_CONVERSION = YES;
				CLANG_WARN_COMMA = YES;
				CLANG_WARN_CONSTANT_CONVERSION = YES;
				CLANG_WARN_DEPRECATED_OBJC_IMPLEMENTATIONS = YES;
				CLANG_WARN_DIRECT_OBJC_ISA_USAGE = YES_ERROR;
				CLANG_WARN_DOCUMENTATION_COMMENTS = YES;
				CLANG_WARN_EMPTY_BODY = YES;
				CLANG_WARN_ENUM_CONVERSION = YES;
				CLANG_WARN_INFINITE_RECURSION = YES;
				CLANG_WARN_INT_CONVERSION = YES;
				CLANG_WARN_NON_LITERAL_NULL_CONVERSION = YES;
				CLANG_WARN_OBJC_IMPLICIT_RETAIN_SELF = YES;
				CLANG_WARN_OBJC_LITERAL_CONVERSION = YES;
				CLANG_WARN_OBJC_ROOT_CLASS = YES_ERROR;
				CLANG_WARN_QUOTED_INCLUDE_IN_FRAMEWORK_HEADER = YES;
				CLANG_WARN_RANGE_LOOP_ANALYSIS = YES;
				CLANG_WARN_STRICT_PROTOTYPES = YES;
				CLANG_WARN_SUSPICIOUS_MOVE = YES;
				CLANG_WARN_UNGUARDED_AVAILABILITY = YES_AGGRESSIVE;
				CLANG_WARN_UNREACHABLE_CODE = YES;
				CLANG_WARN__DUPLICATE_METHOD_MATCH = YES;
				COPY_PHASE_STRIP = NO;
				DEBUG_INFORMATION_FORMAT = dwarf;
				ENABLE_STRICT_OBJC_MSGSEND = YES;
				ENABLE_TESTABILITY = YES;
				GCC_C_LANGUAGE_STANDARD = gnu11;
				GCC_DYNAMIC_NO_PIC = NO;
				GCC_NO_COMMON_BLOCKS = YES;
				GCC_OPTIMIZATION_LEVEL = 0;
				GCC_PREPROCESSOR_DEFINITIONS = (
					"DEBUG=1",
					"$(inherited)",
				);
				GCC_WARN_64_TO_32_BIT_CONVERSION = YES;
				GCC_WARN_ABOUT_RETURN_TYPE = YES_ERROR;
				GCC_WARN_UNDECLARED_SELECTOR = YES;
				GCC_WARN_UNINITIALIZED_AUTOS = YES_AGGRESSIVE;
				GCC_WARN_UNUSED_FUNCTION = YES;
				GCC_WARN_UNUSED_VARIABLE = YES;
				IPHONEOS_DEPLOYMENT_TARGET = 15.2;
				MTL_ENABLE_DEBUG_INFO = INCLUDE_SOURCE;
				MTL_FAST_MATH = YES;
				ONLY_ACTIVE_ARCH = YES;
				SDKROOT = iphoneos;
				SWIFT_ACTIVE_COMPILATION_CONDITIONS = DEBUG;
				SWIFT_OPTIMIZATION_LEVEL = "-Onone";
			};
			name = Debug;
		};
		DDBC5EE127BD276400FAD85F /* Release */ = {
			isa = XCBuildConfiguration;
			buildSettings = {
				ALWAYS_SEARCH_USER_PATHS = NO;
				CLANG_ANALYZER_NONNULL = YES;
				CLANG_ANALYZER_NUMBER_OBJECT_CONVERSION = YES_AGGRESSIVE;
				CLANG_CXX_LANGUAGE_STANDARD = "gnu++17";
				CLANG_CXX_LIBRARY = "libc++";
				CLANG_ENABLE_MODULES = YES;
				CLANG_ENABLE_OBJC_ARC = YES;
				CLANG_ENABLE_OBJC_WEAK = YES;
				CLANG_WARN_BLOCK_CAPTURE_AUTORELEASING = YES;
				CLANG_WARN_BOOL_CONVERSION = YES;
				CLANG_WARN_COMMA = YES;
				CLANG_WARN_CONSTANT_CONVERSION = YES;
				CLANG_WARN_DEPRECATED_OBJC_IMPLEMENTATIONS = YES;
				CLANG_WARN_DIRECT_OBJC_ISA_USAGE = YES_ERROR;
				CLANG_WARN_DOCUMENTATION_COMMENTS = YES;
				CLANG_WARN_EMPTY_BODY = YES;
				CLANG_WARN_ENUM_CONVERSION = YES;
				CLANG_WARN_INFINITE_RECURSION = YES;
				CLANG_WARN_INT_CONVERSION = YES;
				CLANG_WARN_NON_LITERAL_NULL_CONVERSION = YES;
				CLANG_WARN_OBJC_IMPLICIT_RETAIN_SELF = YES;
				CLANG_WARN_OBJC_LITERAL_CONVERSION = YES;
				CLANG_WARN_OBJC_ROOT_CLASS = YES_ERROR;
				CLANG_WARN_QUOTED_INCLUDE_IN_FRAMEWORK_HEADER = YES;
				CLANG_WARN_RANGE_LOOP_ANALYSIS = YES;
				CLANG_WARN_STRICT_PROTOTYPES = YES;
				CLANG_WARN_SUSPICIOUS_MOVE = YES;
				CLANG_WARN_UNGUARDED_AVAILABILITY = YES_AGGRESSIVE;
				CLANG_WARN_UNREACHABLE_CODE = YES;
				CLANG_WARN__DUPLICATE_METHOD_MATCH = YES;
				COPY_PHASE_STRIP = NO;
				DEBUG_INFORMATION_FORMAT = "dwarf-with-dsym";
				ENABLE_NS_ASSERTIONS = NO;
				ENABLE_STRICT_OBJC_MSGSEND = YES;
				GCC_C_LANGUAGE_STANDARD = gnu11;
				GCC_NO_COMMON_BLOCKS = YES;
				GCC_WARN_64_TO_32_BIT_CONVERSION = YES;
				GCC_WARN_ABOUT_RETURN_TYPE = YES_ERROR;
				GCC_WARN_UNDECLARED_SELECTOR = YES;
				GCC_WARN_UNINITIALIZED_AUTOS = YES_AGGRESSIVE;
				GCC_WARN_UNUSED_FUNCTION = YES;
				GCC_WARN_UNUSED_VARIABLE = YES;
				IPHONEOS_DEPLOYMENT_TARGET = 15.2;
				MTL_ENABLE_DEBUG_INFO = NO;
				MTL_FAST_MATH = YES;
				SDKROOT = iphoneos;
				SWIFT_COMPILATION_MODE = wholemodule;
				SWIFT_OPTIMIZATION_LEVEL = "-O";
				VALIDATE_PRODUCT = YES;
			};
			name = Release;
		};
		DDBC5EE327BD276400FAD85F /* Debug */ = {
			isa = XCBuildConfiguration;
			buildSettings = {
				ASSETCATALOG_COMPILER_APPICON_NAME = AppIcon;
				ASSETCATALOG_COMPILER_GLOBAL_ACCENT_COLOR_NAME = AccentColor;
				CODE_SIGN_STYLE = Automatic;
				CURRENT_PROJECT_VERSION = 1;
				DEVELOPMENT_ASSET_PATHS = "\"tax-mate/Preview Content\"";
				DEVELOPMENT_TEAM = XTHK4B78Z7;
				ENABLE_PREVIEWS = YES;
				GENERATE_INFOPLIST_FILE = YES;
				INFOPLIST_KEY_UIApplicationSceneManifest_Generation = YES;
				INFOPLIST_KEY_UIApplicationSupportsIndirectInputEvents = YES;
				INFOPLIST_KEY_UILaunchScreen_Generation = YES;
				INFOPLIST_KEY_UISupportedInterfaceOrientations_iPad = "UIInterfaceOrientationPortrait UIInterfaceOrientationPortraitUpsideDown UIInterfaceOrientationLandscapeLeft UIInterfaceOrientationLandscapeRight";
				INFOPLIST_KEY_UISupportedInterfaceOrientations_iPhone = "UIInterfaceOrientationPortrait UIInterfaceOrientationLandscapeLeft UIInterfaceOrientationLandscapeRight";
				LD_RUNPATH_SEARCH_PATHS = (
					"$(inherited)",
					"@executable_path/Frameworks",
				);
				MARKETING_VERSION = 1.0;
				PRODUCT_BUNDLE_IDENTIFIER = "com.silverbear.au.tax-mate";
				PRODUCT_NAME = "$(TARGET_NAME)";
				SWIFT_EMIT_LOC_STRINGS = YES;
				SWIFT_VERSION = 5.0;
				TARGETED_DEVICE_FAMILY = "1,2";
			};
			name = Debug;
		};
		DDBC5EE427BD276400FAD85F /* Release */ = {
			isa = XCBuildConfiguration;
			buildSettings = {
				ASSETCATALOG_COMPILER_APPICON_NAME = AppIcon;
				ASSETCATALOG_COMPILER_GLOBAL_ACCENT_COLOR_NAME = AccentColor;
				CODE_SIGN_STYLE = Automatic;
				CURRENT_PROJECT_VERSION = 1;
				DEVELOPMENT_ASSET_PATHS = "\"tax-mate/Preview Content\"";
				DEVELOPMENT_TEAM = XTHK4B78Z7;
				ENABLE_PREVIEWS = YES;
				GENERATE_INFOPLIST_FILE = YES;
				INFOPLIST_KEY_UIApplicationSceneManifest_Generation = YES;
				INFOPLIST_KEY_UIApplicationSupportsIndirectInputEvents = YES;
				INFOPLIST_KEY_UILaunchScreen_Generation = YES;
				INFOPLIST_KEY_UISupportedInterfaceOrientations_iPad = "UIInterfaceOrientationPortrait UIInterfaceOrientationPortraitUpsideDown UIInterfaceOrientationLandscapeLeft UIInterfaceOrientationLandscapeRight";
				INFOPLIST_KEY_UISupportedInterfaceOrientations_iPhone = "UIInterfaceOrientationPortrait UIInterfaceOrientationLandscapeLeft UIInterfaceOrientationLandscapeRight";
				LD_RUNPATH_SEARCH_PATHS = (
					"$(inherited)",
					"@executable_path/Frameworks",
				);
				MARKETING_VERSION = 1.0;
				PRODUCT_BUNDLE_IDENTIFIER = "com.silverbear.au.tax-mate";
				PRODUCT_NAME = "$(TARGET_NAME)";
				SWIFT_EMIT_LOC_STRINGS = YES;
				SWIFT_VERSION = 5.0;
				TARGETED_DEVICE_FAMILY = "1,2";
			};
			name = Release;
		};
		DDBC5EE627BD276400FAD85F /* Debug */ = {
			isa = XCBuildConfiguration;
			buildSettings = {
				ALWAYS_EMBED_SWIFT_STANDARD_LIBRARIES = YES;
				BUNDLE_LOADER = "$(TEST_HOST)";
				CODE_SIGN_STYLE = Automatic;
				CURRENT_PROJECT_VERSION = 1;
				DEVELOPMENT_TEAM = XTHK4B78Z7;
				GENERATE_INFOPLIST_FILE = YES;
				IPHONEOS_DEPLOYMENT_TARGET = 15.2;
				MARKETING_VERSION = 1.0;
				PRODUCT_BUNDLE_IDENTIFIER = "com.silverbear.au.tax-mateTests";
				PRODUCT_NAME = "$(TARGET_NAME)";
				SWIFT_EMIT_LOC_STRINGS = NO;
				SWIFT_VERSION = 5.0;
				TARGETED_DEVICE_FAMILY = "1,2";
				TEST_HOST = "$(BUILT_PRODUCTS_DIR)/tax-mate.app/tax-mate";
			};
			name = Debug;
		};
		DDBC5EE727BD276400FAD85F /* Release */ = {
			isa = XCBuildConfiguration;
			buildSettings = {
				ALWAYS_EMBED_SWIFT_STANDARD_LIBRARIES = YES;
				BUNDLE_LOADER = "$(TEST_HOST)";
				CODE_SIGN_STYLE = Automatic;
				CURRENT_PROJECT_VERSION = 1;
				DEVELOPMENT_TEAM = XTHK4B78Z7;
				GENERATE_INFOPLIST_FILE = YES;
				IPHONEOS_DEPLOYMENT_TARGET = 15.2;
				MARKETING_VERSION = 1.0;
				PRODUCT_BUNDLE_IDENTIFIER = "com.silverbear.au.tax-mateTests";
				PRODUCT_NAME = "$(TARGET_NAME)";
				SWIFT_EMIT_LOC_STRINGS = NO;
				SWIFT_VERSION = 5.0;
				TARGETED_DEVICE_FAMILY = "1,2";
				TEST_HOST = "$(BUILT_PRODUCTS_DIR)/tax-mate.app/tax-mate";
			};
			name = Release;
		};
/* End XCBuildConfiguration section */

/* Begin XCConfigurationList section */
		DDBC5EB427BD276200FAD85F /* Build configuration list for PBXProject "tax-mate" */ = {
			isa = XCConfigurationList;
			buildConfigurations = (
				DDBC5EE027BD276400FAD85F /* Debug */,
				DDBC5EE127BD276400FAD85F /* Release */,
			);
			defaultConfigurationIsVisible = 0;
			defaultConfigurationName = Release;
		};
		DDBC5EE227BD276400FAD85F /* Build configuration list for PBXNativeTarget "tax-mate" */ = {
			isa = XCConfigurationList;
			buildConfigurations = (
				DDBC5EE327BD276400FAD85F /* Debug */,
				DDBC5EE427BD276400FAD85F /* Release */,
			);
			defaultConfigurationIsVisible = 0;
			defaultConfigurationName = Release;
		};
		DDBC5EE527BD276400FAD85F /* Build configuration list for PBXNativeTarget "tax-mateTests" */ = {
			isa = XCConfigurationList;
			buildConfigurations = (
				DDBC5EE627BD276400FAD85F /* Debug */,
				DDBC5EE727BD276400FAD85F /* Release */,
			);
			defaultConfigurationIsVisible = 0;
			defaultConfigurationName = Release;
		};
/* End XCConfigurationList section */

/* Begin XCRemoteSwiftPackageReference section */
		DDBC5EEB27BD28F100FAD85F /* XCRemoteSwiftPackageReference "Nimble" */ = {
			isa = XCRemoteSwiftPackageReference;
			repositoryURL = "https://github.com/Quick/Nimble";
			requirement = {
				branch = main;
				kind = branch;
			};
		};
		DDBC5EEE27BD290D00FAD85F /* XCRemoteSwiftPackageReference "quick" */ = {
			isa = XCRemoteSwiftPackageReference;
			repositoryURL = "https://github.com/Quick/quick";
			requirement = {
				branch = main;
				kind = branch;
			};
		};
		DDBC5F0227BE4DFE00FAD85F /* XCRemoteSwiftPackageReference "Fakery" */ = {
			isa = XCRemoteSwiftPackageReference;
			repositoryURL = "https://github.com/vadymmarkov/Fakery";
			requirement = {
				kind = upToNextMajorVersion;
				minimumVersion = 5.0.0;
			};
		};
/* End XCRemoteSwiftPackageReference section */

/* Begin XCSwiftPackageProductDependency section */
		DDBC5EF427BD2C0F00FAD85F /* Quick */ = {
			isa = XCSwiftPackageProductDependency;
			package = DDBC5EEE27BD290D00FAD85F /* XCRemoteSwiftPackageReference "quick" */;
			productName = Quick;
		};
		DDBC5EF627BD2C1600FAD85F /* Nimble */ = {
			isa = XCSwiftPackageProductDependency;
			package = DDBC5EEB27BD28F100FAD85F /* XCRemoteSwiftPackageReference "Nimble" */;
			productName = Nimble;
		};
		DDBC5F0327BE4DFE00FAD85F /* Fakery */ = {
			isa = XCSwiftPackageProductDependency;
			package = DDBC5F0227BE4DFE00FAD85F /* XCRemoteSwiftPackageReference "Fakery" */;
			productName = Fakery;
		};
/* End XCSwiftPackageProductDependency section */

/* Begin XCVersionGroup section */
		DDBC5EC727BD276300FAD85F /* tax_mate.xcdatamodeld */ = {
			isa = XCVersionGroup;
			children = (
				DDBC5EC827BD276300FAD85F /* tax_mate.xcdatamodel */,
			);
			currentVersion = DDBC5EC827BD276300FAD85F /* tax_mate.xcdatamodel */;
			path = tax_mate.xcdatamodeld;
			sourceTree = "<group>";
			versionGroupType = wrapper.xcdatamodel;
		};
/* End XCVersionGroup section */
	};
	rootObject = DDBC5EB127BD276200FAD85F /* Project object */;
}
